{
  "version": 4,
  "terraform_version": "1.0.10",
  "serial": 58,
  "lineage": "6d766e11-4813-a4e3-8bae-6575dd4da0f3",
  "outputs": {},
  "resources": [
    {
      "mode": "data",
      "type": "aws_caller_identity",
      "name": "current",
      "provider": "provider[\"registry.terraform.io/hashicorp/aws\"]",
      "instances": [
        {
          "schema_version": 0,
          "attributes": {
            "account_id": "904546716712",
            "arn": "arn:aws:iam::904546716712:user/cloud_user",
            "id": "904546716712",
            "user_id": "AIDA5FGZPRQUBW4WBY3K7"
          },
          "sensitive_attributes": []
        }
      ]
    },
    {
      "mode": "data",
      "type": "aws_region",
      "name": "current",
      "provider": "provider[\"registry.terraform.io/hashicorp/aws\"]",
      "instances": [
        {
          "schema_version": 0,
          "attributes": {
            "description": "US East (N. Virginia)",
            "endpoint": "ec2.us-east-1.amazonaws.com",
            "id": "us-east-1",
            "name": "us-east-1"
          },
          "sensitive_attributes": []
        }
      ]
    },
    {
      "mode": "data",
      "type": "aws_security_group",
      "name": "vpc_default_sg",
      "provider": "provider[\"registry.terraform.io/hashicorp/aws\"]",
      "instances": []
    },
    {
      "mode": "data",
      "type": "aws_subnet_ids",
      "name": "private",
      "provider": "provider[\"registry.terraform.io/hashicorp/aws\"]",
      "instances": []
    },
    {
      "module": "module.endpoints",
      "mode": "data",
      "type": "aws_vpc_endpoint_service",
      "name": "this",
      "provider": "provider[\"registry.terraform.io/hashicorp/aws\"]",
      "instances": [
        {
          "index_key": "s3",
          "schema_version": 0,
          "attributes": {
            "acceptance_required": false,
            "arn": "arn:aws:ec2:us-east-1:904546716712:vpc-endpoint-service/vpce-svc-081d84efcdc7bac15",
            "availability_zones": [
              "us-east-1a",
              "us-east-1b",
              "us-east-1c",
              "us-east-1d",
              "us-east-1e",
              "us-east-1f"
            ],
            "base_endpoint_dns_names": [
              "s3.us-east-1.vpce.amazonaws.com"
            ],
            "filter": [
              {
                "name": "service-type",
                "values": [
                  "Interface"
                ]
              }
            ],
            "id": "195798706",
            "manages_vpc_endpoints": false,
            "owner": "amazon",
            "private_dns_name": "",
            "service": "s3",
            "service_id": "vpce-svc-081d84efcdc7bac15",
            "service_name": "com.amazonaws.us-east-1.s3",
            "service_type": "Interface",
            "tags": {},
            "vpc_endpoint_policy_supported": true
          },
          "sensitive_attributes": []
        },
        {
          "index_key": "sns",
          "schema_version": 0,
          "attributes": {
            "acceptance_required": false,
            "arn": "arn:aws:ec2:us-east-1:904546716712:vpc-endpoint-service/vpce-svc-028a2c04717c9c5b1",
            "availability_zones": [
              "us-east-1a",
              "us-east-1b",
              "us-east-1c",
              "us-east-1d",
              "us-east-1e",
              "us-east-1f"
            ],
            "base_endpoint_dns_names": [
              "sns.us-east-1.vpce.amazonaws.com"
            ],
            "filter": [
              {
                "name": "service-type",
                "values": [
                  "Interface"
                ]
              }
            ],
            "id": "830444820",
            "manages_vpc_endpoints": false,
            "owner": "amazon",
            "private_dns_name": "sns.us-east-1.amazonaws.com",
            "service": "sns",
            "service_id": "vpce-svc-028a2c04717c9c5b1",
            "service_name": "com.amazonaws.us-east-1.sns",
            "service_type": "Interface",
            "tags": {},
            "vpc_endpoint_policy_supported": true
          },
          "sensitive_attributes": []
        },
        {
          "index_key": "sqs",
          "schema_version": 0,
          "attributes": {
            "acceptance_required": false,
            "arn": "arn:aws:ec2:us-east-1:904546716712:vpc-endpoint-service/vpce-svc-021f0798aee080d82",
            "availability_zones": [
              "us-east-1a",
              "us-east-1b",
              "us-east-1c",
              "us-east-1d",
              "us-east-1e",
              "us-east-1f"
            ],
            "base_endpoint_dns_names": [
              "sqs.us-east-1.vpce.amazonaws.com"
            ],
            "filter": [
              {
                "name": "service-type",
                "values": [
                  "Interface"
                ]
              }
            ],
            "id": "4230323082",
            "manages_vpc_endpoints": false,
            "owner": "amazon",
            "private_dns_name": "sqs.us-east-1.amazonaws.com",
            "service": "sqs",
            "service_id": "vpce-svc-021f0798aee080d82",
            "service_name": "com.amazonaws.us-east-1.sqs",
            "service_type": "Interface",
            "tags": {},
            "vpc_endpoint_policy_supported": true
          },
          "sensitive_attributes": []
        }
      ]
    },
    {
      "module": "module.endpoints",
      "mode": "managed",
      "type": "aws_route53_zone",
      "name": "this",
      "provider": "provider[\"registry.terraform.io/hashicorp/aws\"]",
      "instances": [
        {
          "index_key": "s3",
          "schema_version": 0,
          "attributes": {
            "arn": "arn:aws:route53:::hostedzone/Z02944023ARXQCRZ1ULTR",
            "comment": "s3.ap-southeast-2.amazonaws.com",
            "delegation_set_id": "",
            "force_destroy": false,
            "id": "Z02944023ARXQCRZ1ULTR",
            "name": "s3.ap-southeast-2.amazonaws.com",
            "name_servers": [
              "ns-0.awsdns-00.com.",
              "ns-1024.awsdns-00.org.",
              "ns-1536.awsdns-00.co.uk.",
              "ns-512.awsdns-00.net."
            ],
            "tags": {
              "ApplicationID": "APID001",
              "ApplicationName": "abc",
              "CostCentre": "CC001",
              "Environment": "DEVELOPMENT",
              "EnvironmentName": "dev",
              "Name": "s3-vpc-endpoint",
              "ServiceNAme": "xyz",
              "SupportGroup": "krd"
            },
            "tags_all": {
              "ApplicationID": "APID001",
              "ApplicationName": "abc",
              "CostCentre": "CC001",
              "Environment": "DEVELOPMENT",
              "EnvironmentName": "dev",
              "Name": "s3-vpc-endpoint",
              "ServiceNAme": "xyz",
              "SupportGroup": "krd"
            },
            "vpc": [
              {
                "vpc_id": "vpc-0da5e5a62555bcbe3",
                "vpc_region": "us-east-1"
              }
            ],
            "zone_id": "Z02944023ARXQCRZ1ULTR"
          },
          "sensitive_attributes": [],
          "private": "bnVsbA==",
          "dependencies": [
            "data.aws_security_group.vpc_default_sg",
            "data.aws_subnet_ids.private",
            "module.vpc.aws_vpc.this"
          ]
        },
        {
          "index_key": "sns",
          "schema_version": 0,
          "attributes": {
            "arn": "arn:aws:route53:::hostedzone/Z07859951JXD63WA10POR",
            "comment": "sns.ap-southeast-2.amazonaws.com",
            "delegation_set_id": "",
            "force_destroy": false,
            "id": "Z07859951JXD63WA10POR",
            "name": "sns.ap-southeast-2.amazonaws.com",
            "name_servers": [
              "ns-0.awsdns-00.com.",
              "ns-1024.awsdns-00.org.",
              "ns-1536.awsdns-00.co.uk.",
              "ns-512.awsdns-00.net."
            ],
            "tags": {
              "ApplicationID": "APID001",
              "ApplicationName": "abc",
              "CostCentre": "CC001",
              "Environment": "DEVELOPMENT",
              "EnvironmentName": "dev",
              "Name": "sns-vpc-endpoint",
              "ServiceNAme": "xyz",
              "SupportGroup": "krd"
            },
            "tags_all": {
              "ApplicationID": "APID001",
              "ApplicationName": "abc",
              "CostCentre": "CC001",
              "Environment": "DEVELOPMENT",
              "EnvironmentName": "dev",
              "Name": "sns-vpc-endpoint",
              "ServiceNAme": "xyz",
              "SupportGroup": "krd"
            },
            "vpc": [
              {
                "vpc_id": "vpc-0da5e5a62555bcbe3",
                "vpc_region": "us-east-1"
              }
            ],
            "zone_id": "Z07859951JXD63WA10POR"
          },
          "sensitive_attributes": [],
          "private": "bnVsbA==",
          "dependencies": [
            "data.aws_security_group.vpc_default_sg",
            "data.aws_subnet_ids.private",
            "module.vpc.aws_vpc.this"
          ]
        },
        {
          "index_key": "sqs",
          "schema_version": 0,
          "attributes": {
            "arn": "arn:aws:route53:::hostedzone/Z102014435O40KPZZSLBJ",
            "comment": "sqs.ap-southeast-2.amazonaws.com",
            "delegation_set_id": "",
            "force_destroy": false,
            "id": "Z102014435O40KPZZSLBJ",
            "name": "sqs.ap-southeast-2.amazonaws.com",
            "name_servers": [
              "ns-0.awsdns-00.com.",
              "ns-1024.awsdns-00.org.",
              "ns-1536.awsdns-00.co.uk.",
              "ns-512.awsdns-00.net."
            ],
            "tags": {
              "ApplicationID": "APID001",
              "ApplicationName": "abc",
              "CostCentre": "CC001",
              "Environment": "DEVELOPMENT",
              "EnvironmentName": "dev",
              "Name": "sqs-vpc-endpoint",
              "ServiceNAme": "xyz",
              "SupportGroup": "krd"
            },
            "tags_all": {
              "ApplicationID": "APID001",
              "ApplicationName": "abc",
              "CostCentre": "CC001",
              "Environment": "DEVELOPMENT",
              "EnvironmentName": "dev",
              "Name": "sqs-vpc-endpoint",
              "ServiceNAme": "xyz",
              "SupportGroup": "krd"
            },
            "vpc": [
              {
                "vpc_id": "vpc-0da5e5a62555bcbe3",
                "vpc_region": "us-east-1"
              }
            ],
            "zone_id": "Z102014435O40KPZZSLBJ"
          },
          "sensitive_attributes": [],
          "private": "bnVsbA==",
          "dependencies": [
            "data.aws_subnet_ids.private",
            "module.vpc.aws_vpc.this",
            "data.aws_security_group.vpc_default_sg"
          ]
        }
      ]
    },
    {
      "module": "module.tgw",
      "mode": "managed",
      "type": "aws_ec2_tag",
      "name": "this",
      "provider": "provider[\"registry.terraform.io/hashicorp/aws\"]",
      "instances": [
        {
          "index_key": "ApplicationID",
          "schema_version": 0,
          "attributes": {
            "id": "tgw-rtb-01deee2127354a9cd,ApplicationID",
            "key": "ApplicationID",
            "resource_id": "tgw-rtb-01deee2127354a9cd",
            "value": "APID001"
          },
          "sensitive_attributes": [],
          "private": "bnVsbA==",
          "dependencies": [
            "module.tgw.aws_ec2_transit_gateway.this"
          ]
        },
        {
          "index_key": "ApplicationName",
          "schema_version": 0,
          "attributes": {
            "id": "tgw-rtb-01deee2127354a9cd,ApplicationName",
            "key": "ApplicationName",
            "resource_id": "tgw-rtb-01deee2127354a9cd",
            "value": "abc"
          },
          "sensitive_attributes": [],
          "private": "bnVsbA==",
          "dependencies": [
            "module.tgw.aws_ec2_transit_gateway.this"
          ]
        },
        {
          "index_key": "CostCentre",
          "schema_version": 0,
          "attributes": {
            "id": "tgw-rtb-01deee2127354a9cd,CostCentre",
            "key": "CostCentre",
            "resource_id": "tgw-rtb-01deee2127354a9cd",
            "value": "CC001"
          },
          "sensitive_attributes": [],
          "private": "bnVsbA==",
          "dependencies": [
            "module.tgw.aws_ec2_transit_gateway.this"
          ]
        },
        {
          "index_key": "Environment",
          "schema_version": 0,
          "attributes": {
            "id": "tgw-rtb-01deee2127354a9cd,Environment",
            "key": "Environment",
            "resource_id": "tgw-rtb-01deee2127354a9cd",
            "value": "DEVELOPMENT"
          },
          "sensitive_attributes": [],
          "private": "bnVsbA==",
          "dependencies": [
            "module.tgw.aws_ec2_transit_gateway.this"
          ]
        },
        {
          "index_key": "EnvironmentName",
          "schema_version": 0,
          "attributes": {
            "id": "tgw-rtb-01deee2127354a9cd,EnvironmentName",
            "key": "EnvironmentName",
            "resource_id": "tgw-rtb-01deee2127354a9cd",
            "value": "dev"
          },
          "sensitive_attributes": [],
          "private": "bnVsbA==",
          "dependencies": [
            "module.tgw.aws_ec2_transit_gateway.this"
          ]
        },
        {
          "index_key": "Name",
          "schema_version": 0,
          "attributes": {
            "id": "tgw-rtb-01deee2127354a9cd,Name",
            "key": "Name",
            "resource_id": "tgw-rtb-01deee2127354a9cd",
            "value": "my-tgw"
          },
          "sensitive_attributes": [],
          "private": "bnVsbA==",
          "dependencies": [
            "module.tgw.aws_ec2_transit_gateway.this"
          ]
        },
        {
          "index_key": "ServiceNAme",
          "schema_version": 0,
          "attributes": {
            "id": "tgw-rtb-01deee2127354a9cd,ServiceNAme",
            "key": "ServiceNAme",
            "resource_id": "tgw-rtb-01deee2127354a9cd",
            "value": "xyz"
          },
          "sensitive_attributes": [],
          "private": "bnVsbA==",
          "dependencies": [
            "module.tgw.aws_ec2_transit_gateway.this"
          ]
        },
        {
          "index_key": "SupportGroup",
          "schema_version": 0,
          "attributes": {
            "id": "tgw-rtb-01deee2127354a9cd,SupportGroup",
            "key": "SupportGroup",
            "resource_id": "tgw-rtb-01deee2127354a9cd",
            "value": "krd"
          },
          "sensitive_attributes": [],
          "private": "bnVsbA==",
          "dependencies": [
            "module.tgw.aws_ec2_transit_gateway.this"
          ]
        }
      ]
    },
    {
      "module": "module.tgw",
      "mode": "managed",
      "type": "aws_ec2_transit_gateway",
      "name": "this",
      "provider": "provider[\"registry.terraform.io/hashicorp/aws\"]",
      "instances": [
        {
          "index_key": 0,
          "schema_version": 0,
          "attributes": {
            "amazon_side_asn": 64532,
            "arn": "arn:aws:ec2:us-east-1:904546716712:transit-gateway/tgw-0e33cac367f918c3d",
            "association_default_route_table_id": "tgw-rtb-01deee2127354a9cd",
            "auto_accept_shared_attachments": "enable",
            "default_route_table_association": "enable",
            "default_route_table_propagation": "enable",
            "description": "My TGW shared with several other AWS accounts",
            "dns_support": "enable",
            "id": "tgw-0e33cac367f918c3d",
            "owner_id": "904546716712",
            "propagation_default_route_table_id": "tgw-rtb-01deee2127354a9cd",
            "tags": {
              "ApplicationID": "APID001",
              "ApplicationName": "abc",
              "CostCentre": "CC001",
              "Environment": "DEVELOPMENT",
              "EnvironmentName": "dev",
              "Name": "my-tgw",
              "ServiceNAme": "xyz",
              "SupportGroup": "krd"
            },
            "tags_all": {
              "ApplicationID": "APID001",
              "ApplicationName": "abc",
              "CostCentre": "CC001",
              "Environment": "DEVELOPMENT",
              "EnvironmentName": "dev",
              "Name": "my-tgw",
              "ServiceNAme": "xyz",
              "SupportGroup": "krd"
            },
            "vpn_ecmp_support": "enable"
          },
          "sensitive_attributes": [],
          "private": "bnVsbA=="
        }
      ]
    },
    {
      "module": "module.tgw",
      "mode": "managed",
      "type": "aws_ec2_transit_gateway_route_table",
      "name": "this",
      "provider": "provider[\"registry.terraform.io/hashicorp/aws\"]",
      "instances": [
        {
          "index_key": 0,
          "schema_version": 0,
          "attributes": {
            "arn": "arn:aws:ec2:us-east-1:904546716712:transit-gateway-route-table/tgw-rtb-04175376a8d0d376f",
            "default_association_route_table": false,
            "default_propagation_route_table": false,
            "id": "tgw-rtb-04175376a8d0d376f",
            "tags": {
              "ApplicationID": "APID001",
              "ApplicationName": "abc",
              "CostCentre": "CC001",
              "Environment": "DEVELOPMENT",
              "EnvironmentName": "dev",
              "Name": "my-tgw",
              "ServiceNAme": "xyz",
              "SupportGroup": "krd"
            },
            "tags_all": {
              "ApplicationID": "APID001",
              "ApplicationName": "abc",
              "CostCentre": "CC001",
              "Environment": "DEVELOPMENT",
              "EnvironmentName": "dev",
              "Name": "my-tgw",
              "ServiceNAme": "xyz",
              "SupportGroup": "krd"
            },
            "transit_gateway_id": "tgw-0e33cac367f918c3d"
          },
          "sensitive_attributes": [],
          "private": "bnVsbA==",
          "dependencies": [
            "module.tgw.aws_ec2_transit_gateway.this"
          ]
        }
      ]
    },
    {
      "module": "module.tgw",
      "mode": "managed",
      "type": "aws_ram_resource_association",
      "name": "this",
      "provider": "provider[\"registry.terraform.io/hashicorp/aws\"]",
      "instances": []
    },
    {
      "module": "module.vpc",
      "mode": "managed",
      "type": "aws_customer_gateway",
      "name": "this",
      "provider": "provider[\"registry.terraform.io/hashicorp/aws\"]",
      "instances": [
        {
          "index_key": "IP1",
          "schema_version": 0,
          "attributes": {
            "arn": "arn:aws:ec2:us-east-1:904546716712:customer-gateway/cgw-0c1b19bdd79c0ed54",
            "bgp_asn": "65112",
            "device_name": "some_name",
            "id": "cgw-0c1b19bdd79c0ed54",
            "ip_address": "120.21.181.195",
            "tags": {
              "ApplicationID": "APID001",
              "ApplicationName": "abc",
              "CostCentre": "CC001",
              "Environment": "DEVELOPMENT",
              "EnvironmentName": "dev",
              "Name": "private-IP1",
              "ServiceNAme": "xyz",
              "SupportGroup": "krd"
            },
            "tags_all": {
              "ApplicationID": "APID001",
              "ApplicationName": "abc",
              "CostCentre": "CC001",
              "Environment": "DEVELOPMENT",
              "EnvironmentName": "dev",
              "Name": "private-IP1",
              "ServiceNAme": "xyz",
              "SupportGroup": "krd"
            },
            "type": "ipsec.1"
          },
          "sensitive_attributes": [],
          "private": "bnVsbA=="
        }
      ]
    },
    {
      "module": "module.vpc",
      "mode": "managed",
      "type": "aws_default_route_table",
      "name": "default",
      "provider": "provider[\"registry.terraform.io/hashicorp/aws\"]",
      "instances": []
    },
    {
      "module": "module.vpc",
      "mode": "managed",
      "type": "aws_vpc",
      "name": "this",
      "provider": "provider[\"registry.terraform.io/hashicorp/aws\"]",
      "instances": [
        {
          "index_key": 0,
          "status": "tainted",
          "schema_version": 1,
          "attributes": {
            "arn": null,
            "assign_generated_ipv6_cidr_block": false,
            "cidr_block": "10.10.0.0/16",
            "default_network_acl_id": null,
            "default_route_table_id": null,
            "default_security_group_id": null,
            "dhcp_options_id": null,
            "enable_classiclink": true,
            "enable_classiclink_dns_support": true,
            "enable_dns_hostnames": true,
            "enable_dns_support": true,
            "id": "vpc-0e0c74f8b68f5953d",
            "instance_tenancy": "default",
            "ipv6_association_id": null,
            "ipv6_cidr_block": null,
            "main_route_table_id": null,
            "owner_id": null,
            "tags": {
              "ApplicationID": "APID001",
              "ApplicationName": "abc",
              "CostCentre": "CC001",
              "Environment": "DEVELOPMENT",
              "EnvironmentName": "dev",
              "Name": "private",
              "ServiceNAme": "xyz",
              "SupportGroup": "krd"
            },
            "tags_all": {
              "ApplicationID": "APID001",
              "ApplicationName": "abc",
              "CostCentre": "CC001",
              "Environment": "DEVELOPMENT",
              "EnvironmentName": "dev",
              "Name": "private",
              "ServiceNAme": "xyz",
              "SupportGroup": "krd"
            }
          },
          "sensitive_attributes": [],
          "private": "eyJzY2hlbWFfdmVyc2lvbiI6IjEifQ=="
        }
      ]
    },
    {
      "module": "module.vpc",
      "mode": "managed",
      "type": "aws_vpc_dhcp_options",
      "name": "this",
      "provider": "provider[\"registry.terraform.io/hashicorp/aws\"]",
      "instances": [
        {
          "index_key": 0,
          "schema_version": 0,
          "attributes": {
            "arn": "arn:aws:ec2:us-east-1:904546716712:dhcp-options/dopt-0960424082e8c9064",
            "domain_name": "service.consul",
            "domain_name_servers": [
              "127.0.0.1",
              "10.10.0.2"
            ],
            "id": "dopt-0960424082e8c9064",
            "netbios_name_servers": [],
            "netbios_node_type": "",
            "ntp_servers": [],
            "owner_id": "904546716712",
            "tags": {
              "ApplicationID": "APID001",
              "ApplicationName": "abc",
              "CostCentre": "CC001",
              "Environment": "DEVELOPMENT",
              "EnvironmentName": "dev",
              "Name": "private",
              "ServiceNAme": "xyz",
              "SupportGroup": "krd"
            },
            "tags_all": {
              "ApplicationID": "APID001",
              "ApplicationName": "abc",
              "CostCentre": "CC001",
              "Environment": "DEVELOPMENT",
              "EnvironmentName": "dev",
              "Name": "private",
              "ServiceNAme": "xyz",
              "SupportGroup": "krd"
            }
          },
          "sensitive_attributes": [],
          "private": "bnVsbA=="
        }
      ]
    },
    {
      "module": "module.vpc",
      "mode": "managed",
      "type": "aws_vpc_ipv4_cidr_block_association",
      "name": "this",
      "provider": "provider[\"registry.terraform.io/hashicorp/aws\"]",
      "instances": []
    }
  ]
}
